// !$*UTF8*$!
{
	archiveVersion = 1;
	classes = {
	};
	objectVersion = 77;
	objects = {

/* Begin PBXBuildFile section */
		6F4ACF562E250ABD00816139 /* Then in Frameworks */ = {isa = PBXBuildFile; productRef = 6F4ACF552E250ABD00816139 /* Then */; };
		6F4ACF592E250ACA00816139 /* SnapKit in Frameworks */ = {isa = PBXBuildFile; productRef = 6F4ACF582E250ACA00816139 /* SnapKit */; };
		6F4ACF6B2E250F7800816139 /* RxBlocking in Frameworks */ = {isa = PBXBuildFile; productRef = 6F4ACF6A2E250F7800816139 /* RxBlocking */; };
		6F4ACF6D2E250F7800816139 /* RxCocoa in Frameworks */ = {isa = PBXBuildFile; productRef = 6F4ACF6C2E250F7800816139 /* RxCocoa */; };
		6F4ACF6F2E250F7800816139 /* RxRelay in Frameworks */ = {isa = PBXBuildFile; productRef = 6F4ACF6E2E250F7800816139 /* RxRelay */; };
		6F4ACF742E25111B00816139 /* Moya in Frameworks */ = {isa = PBXBuildFile; productRef = 6F4ACF732E25111B00816139 /* Moya */; };
		6F4ACF762E25111B00816139 /* RxMoya in Frameworks */ = {isa = PBXBuildFile; productRef = 6F4ACF752E25111B00816139 /* RxMoya */; };
/* End PBXBuildFile section */

/* Begin PBXFileReference section */
		6F4ACF392E25094600816139 /* joko-iOS.app */ = {isa = PBXFileReference; explicitFileType = wrapper.application; includeInIndex = 0; path = "joko-iOS.app"; sourceTree = BUILT_PRODUCTS_DIR; };
/* End PBXFileReference section */

/* Begin PBXFileSystemSynchronizedBuildFileExceptionSet section */
		6F4ACF4B2E25094700816139 /* Exceptions for "joko-iOS" folder in "joko-iOS" target */ = {
			isa = PBXFileSystemSynchronizedBuildFileExceptionSet;
			membershipExceptions = (
				Resources/Info.plist,
			);
			target = 6F4ACF382E25094600816139 /* joko-iOS */;
		};
/* End PBXFileSystemSynchronizedBuildFileExceptionSet section */

/* Begin PBXFileSystemSynchronizedRootGroup section */
		6F4ACF3B2E25094600816139 /* joko-iOS */ = {
			isa = PBXFileSystemSynchronizedRootGroup;
			exceptions = (
				6F4ACF4B2E25094700816139 /* Exceptions for "joko-iOS" folder in "joko-iOS" target */,
			);
			path = "joko-iOS";
			sourceTree = "<group>";
		};
/* End PBXFileSystemSynchronizedRootGroup section */

/* Begin PBXFrameworksBuildPhase section */
		6F4ACF362E25094600816139 /* Frameworks */ = {
			isa = PBXFrameworksBuildPhase;
			buildActionMask = 2147483647;
			files = (
				6F4ACF6F2E250F7800816139 /* RxRelay in Frameworks */,
				6F4ACF562E250ABD00816139 /* Then in Frameworks */,
				6F4ACF742E25111B00816139 /* Moya in Frameworks */,
				6F4ACF6B2E250F7800816139 /* RxBlocking in Frameworks */,
				6F4ACF762E25111B00816139 /* RxMoya in Frameworks */,
				6F4ACF6D2E250F7800816139 /* RxCocoa in Frameworks */,
				6F4ACF592E250ACA00816139 /* SnapKit in Frameworks */,
			);
			runOnlyForDeploymentPostprocessing = 0;
		};
/* End PBXFrameworksBuildPhase section */

/* Begin PBXGroup section */
		6F4ACF302E25094600816139 = {
			isa = PBXGroup;
			children = (
				6F4ACF3B2E25094600816139 /* joko-iOS */,
				6F4ACF3A2E25094600816139 /* Products */,
			);
			sourceTree = "<group>";
		};
		6F4ACF3A2E25094600816139 /* Products */ = {
			isa = PBXGroup;
			children = (
				6F4ACF392E25094600816139 /* joko-iOS.app */,
			);
			name = Products;
			sourceTree = "<group>";
		};
/* End PBXGroup section */

/* Begin PBXNativeTarget section */
		6F4ACF382E25094600816139 /* joko-iOS */ = {
			isa = PBXNativeTarget;
			buildConfigurationList = 6F4ACF4C2E25094700816139 /* Build configuration list for PBXNativeTarget "joko-iOS" */;
			buildPhases = (
				6F4ACF352E25094600816139 /* Sources */,
				6F4ACF362E25094600816139 /* Frameworks */,
				6F4ACF372E25094600816139 /* Resources */,
			);
			buildRules = (
			);
			dependencies = (
			);
			fileSystemSynchronizedGroups = (
				6F4ACF3B2E25094600816139 /* joko-iOS */,
			);
			name = "joko-iOS";
			packageProductDependencies = (
				6F4ACF552E250ABD00816139 /* Then */,
				6F4ACF582E250ACA00816139 /* SnapKit */,
				6F4ACF6A2E250F7800816139 /* RxBlocking */,
				6F4ACF6C2E250F7800816139 /* RxCocoa */,
				6F4ACF6E2E250F7800816139 /* RxRelay */,
				6F4ACF732E25111B00816139 /* Moya */,
				6F4ACF752E25111B00816139 /* RxMoya */,
			);
			productName = "joko-iOS";
			productReference = 6F4ACF392E25094600816139 /* joko-iOS.app */;
			productType = "com.apple.product-type.application";
		};
/* End PBXNativeTarget section */

/* Begin PBXProject section */
		6F4ACF312E25094600816139 /* Project object */ = {
			isa = PBXProject;
			attributes = {
				BuildIndependentTargetsInParallel = 1;
				LastSwiftUpdateCheck = 1640;
				LastUpgradeCheck = 1640;
				TargetAttributes = {
					6F4ACF382E25094600816139 = {
						CreatedOnToolsVersion = 16.4;
					};
				};
			};
			buildConfigurationList = 6F4ACF342E25094600816139 /* Build configuration list for PBXProject "joko-iOS" */;
			developmentRegion = en;
			hasScannedForEncodings = 0;
			knownRegions = (
				en,
				Base,
			);
			mainGroup = 6F4ACF302E25094600816139;
			minimizedProjectReferenceProxies = 1;
			packageReferences = (
				6F4ACF542E250ABD00816139 /* XCRemoteSwiftPackageReference "Then" */,
				6F4ACF572E250ACA00816139 /* XCRemoteSwiftPackageReference "SnapKit" */,
				6F4ACF692E250F7800816139 /* XCRemoteSwiftPackageReference "RxSwift" */,
				6F4ACF722E25111B00816139 /* XCRemoteSwiftPackageReference "Moya" */,
			);
			preferredProjectObjectVersion = 77;
			productRefGroup = 6F4ACF3A2E25094600816139 /* Products */;
			projectDirPath = "";
			projectRoot = "";
			targets = (
				6F4ACF382E25094600816139 /* joko-iOS */,
			);
		};
/* End PBXProject section */

/* Begin PBXResourcesBuildPhase section */
		6F4ACF372E25094600816139 /* Resources */ = {
			isa = PBXResourcesBuildPhase;
			buildActionMask = 2147483647;
			files = (
			);
			runOnlyForDeploymentPostprocessing = 0;
		};
/* End PBXResourcesBuildPhase section */

/* Begin PBXSourcesBuildPhase section */
		6F4ACF352E25094600816139 /* Sources */ = {
			isa = PBXSourcesBuildPhase;
			buildActionMask = 2147483647;
			files = (
			);
			runOnlyForDeploymentPostprocessing = 0;
		};
/* End PBXSourcesBuildPhase section */

/* Begin XCBuildConfiguration section */
		6F4ACF4D2E25094700816139 /* Debug */ = {
			isa = XCBuildConfiguration;
			buildSettings = {
				ASSETCATALOG_COMPILER_APPICON_NAME = AppIcon;
				ASSETCATALOG_COMPILER_GLOBAL_ACCENT_COLOR_NAME = AccentColor;
				CODE_SIGN_STYLE = Automatic;
				CURRENT_PROJECT_VERSION = 1;
				DEVELOPMENT_TEAM = 3DFKU6DVCR;
				GENERATE_INFOPLIST_FILE = YES;
				INFOPLIST_FILE = "joko-iOS/Resources/Info.plist";
				INFOPLIST_KEY_UIApplicationSupportsIndirectInputEvents = YES;
				INFOPLIST_KEY_UILaunchStoryboardName = LaunchScreen;
				INFOPLIST_KEY_UISupportedInterfaceOrientations_iPad = "UIInterfaceOrientationPortrait UIInterfaceOrientationPortraitUpsideDown UIInterfaceOrientationLandscapeLeft UIInterfaceOrientationLandscapeRight";
				INFOPLIST_KEY_UISupportedInterfaceOrientations_iPhone = "UIInterfaceOrientationPortrait UIInterfaceOrientationLandscapeLeft UIInterfaceOrientationLandscapeRight";
				LD_RUNPATH_SEARCH_PATHS = (
					"$(inherited)",
					"@executable_path/Frameworks",
				);
				MARKETING_VERSION = 1.0;
				PRODUCT_BUNDLE_IDENTIFIER = "com.jh.joko-iOS";
				PRODUCT_NAME = "$(TARGET_NAME)";
				SWIFT_EMIT_LOC_STRINGS = YES;
				SWIFT_VERSION = 5.0;
				TARGETED_DEVICE_FAMILY = "1,2";
			};
			name = Debug;
		};
		6F4ACF4E2E25094700816139 /* Release */ = {
			isa = XCBuildConfiguration;
			buildSettings = {
				ASSETCATALOG_COMPILER_APPICON_NAME = AppIcon;
				ASSETCATALOG_COMPILER_GLOBAL_ACCENT_COLOR_NAME = AccentColor;
				CODE_SIGN_STYLE = Automatic;
				CURRENT_PROJECT_VERSION = 1;
				DEVELOPMENT_TEAM = 3DFKU6DVCR;
				GENERATE_INFOPLIST_FILE = YES;
				INFOPLIST_FILE = "joko-iOS/Resources/Info.plist";
				INFOPLIST_KEY_UIApplicationSupportsIndirectInputEvents = YES;
				INFOPLIST_KEY_UILaunchStoryboardName = LaunchScreen;
				INFOPLIST_KEY_UISupportedInterfaceOrientations_iPad = "UIInterfaceOrientationPortrait UIInterfaceOrientationPortraitUpsideDown UIInterfaceOrientationLandscapeLeft UIInterfaceOrientationLandscapeRight";
				INFOPLIST_KEY_UISupportedInterfaceOrientations_iPhone = "UIInterfaceOrientationPortrait UIInterfaceOrientationLandscapeLeft UIInterfaceOrientationLandscapeRight";
				LD_RUNPATH_SEARCH_PATHS = (
					"$(inherited)",
					"@executable_path/Frameworks",
				);
				MARKETING_VERSION = 1.0;
				PRODUCT_BUNDLE_IDENTIFIER = "com.jh.joko-iOS";
				PRODUCT_NAME = "$(TARGET_NAME)";
				SWIFT_EMIT_LOC_STRINGS = YES;
				SWIFT_VERSION = 5.0;
				TARGETED_DEVICE_FAMILY = "1,2";
			};
			name = Release;
		};
		6F4ACF4F2E25094700816139 /* Debug */ = {
			isa = XCBuildConfiguration;
			buildSettings = {
				ALWAYS_SEARCH_USER_PATHS = NO;
				ASSETCATALOG_COMPILER_GENERATE_SWIFT_ASSET_SYMBOL_EXTENSIONS = YES;
				CLANG_ANALYZER_NONNULL = YES;
				CLANG_ANALYZER_NUMBER_OBJECT_CONVERSION = YES_AGGRESSIVE;
				CLANG_CXX_LANGUAGE_STANDARD = "gnu++20";
				CLANG_ENABLE_MODULES = YES;
				CLANG_ENABLE_OBJC_ARC = YES;
				CLANG_ENABLE_OBJC_WEAK = YES;
				CLANG_WARN_BLOCK_CAPTURE_AUTORELEASING = YES;
				CLANG_WARN_BOOL_CONVERSION = YES;
				CLANG_WARN_COMMA = YES;
				CLANG_WARN_CONSTANT_CONVERSION = YES;
				CLANG_WARN_DEPRECATED_OBJC_IMPLEMENTATIONS = YES;
				CLANG_WARN_DIRECT_OBJC_ISA_USAGE = YES_ERROR;
				CLANG_WARN_DOCUMENTATION_COMMENTS = YES;
				CLANG_WARN_EMPTY_BODY = YES;
				CLANG_WARN_ENUM_CONVERSION = YES;
				CLANG_WARN_INFINITE_RECURSION = YES;
				CLANG_WARN_INT_CONVERSION = YES;
				CLANG_WARN_NON_LITERAL_NULL_CONVERSION = YES;
				CLANG_WARN_OBJC_IMPLICIT_RETAIN_SELF = YES;
				CLANG_WARN_OBJC_LITERAL_CONVERSION = YES;
				CLANG_WARN_OBJC_ROOT_CLASS = YES_ERROR;
				CLANG_WARN_QUOTED_INCLUDE_IN_FRAMEWORK_HEADER = YES;
				CLANG_WARN_RANGE_LOOP_ANALYSIS = YES;
				CLANG_WARN_STRICT_PROTOTYPES = YES;
				CLANG_WARN_SUSPICIOUS_MOVE = YES;
				CLANG_WARN_UNGUARDED_AVAILABILITY = YES_AGGRESSIVE;
				CLANG_WARN_UNREACHABLE_CODE = YES;
				CLANG_WARN__DUPLICATE_METHOD_MATCH = YES;
				COPY_PHASE_STRIP = NO;
				DEBUG_INFORMATION_FORMAT = dwarf;
				DEVELOPMENT_TEAM = 3DFKU6DVCR;
				ENABLE_STRICT_OBJC_MSGSEND = YES;
				ENABLE_TESTABILITY = YES;
				ENABLE_USER_SCRIPT_SANDBOXING = YES;
				GCC_C_LANGUAGE_STANDARD = gnu17;
				GCC_DYNAMIC_NO_PIC = NO;
				GCC_NO_COMMON_BLOCKS = YES;
				GCC_OPTIMIZATION_LEVEL = 0;
				GCC_PREPROCESSOR_DEFINITIONS = (
					"DEBUG=1",
					"$(inherited)",
				);
				GCC_WARN_64_TO_32_BIT_CONVERSION = YES;
				GCC_WARN_ABOUT_RETURN_TYPE = YES_ERROR;
				GCC_WARN_UNDECLARED_SELECTOR = YES;
				GCC_WARN_UNINITIALIZED_AUTOS = YES_AGGRESSIVE;
				GCC_WARN_UNUSED_FUNCTION = YES;
				GCC_WARN_UNUSED_VARIABLE = YES;
				IPHONEOS_DEPLOYMENT_TARGET = 18.5;
				LOCALIZATION_PREFERS_STRING_CATALOGS = YES;
				MTL_ENABLE_DEBUG_INFO = INCLUDE_SOURCE;
				MTL_FAST_MATH = YES;
				ONLY_ACTIVE_ARCH = YES;
				SDKROOT = iphoneos;
				SWIFT_ACTIVE_COMPILATION_CONDITIONS = "DEBUG $(inherited)";
				SWIFT_OPTIMIZATION_LEVEL = "-Onone";
			};
			name = Debug;
		};
		6F4ACF502E25094700816139 /* Release */ = {
			isa = XCBuildConfiguration;
			buildSettings = {
				ALWAYS_SEARCH_USER_PATHS = NO;
				ASSETCATALOG_COMPILER_GENERATE_SWIFT_ASSET_SYMBOL_EXTENSIONS = YES;
				CLANG_ANALYZER_NONNULL = YES;
				CLANG_ANALYZER_NUMBER_OBJECT_CONVERSION = YES_AGGRESSIVE;
				CLANG_CXX_LANGUAGE_STANDARD = "gnu++20";
				CLANG_ENABLE_MODULES = YES;
				CLANG_ENABLE_OBJC_ARC = YES;
				CLANG_ENABLE_OBJC_WEAK = YES;
				CLANG_WARN_BLOCK_CAPTURE_AUTORELEASING = YES;
				CLANG_WARN_BOOL_CONVERSION = YES;
				CLANG_WARN_COMMA = YES;
				CLANG_WARN_CONSTANT_CONVERSION = YES;
				CLANG_WARN_DEPRECATED_OBJC_IMPLEMENTATIONS = YES;
				CLANG_WARN_DIRECT_OBJC_ISA_USAGE = YES_ERROR;
				CLANG_WARN_DOCUMENTATION_COMMENTS = YES;
				CLANG_WARN_EMPTY_BODY = YES;
				CLANG_WARN_ENUM_CONVERSION = YES;
				CLANG_WARN_INFINITE_RECURSION = YES;
				CLANG_WARN_INT_CONVERSION = YES;
				CLANG_WARN_NON_LITERAL_NULL_CONVERSION = YES;
				CLANG_WARN_OBJC_IMPLICIT_RETAIN_SELF = YES;
				CLANG_WARN_OBJC_LITERAL_CONVERSION = YES;
				CLANG_WARN_OBJC_ROOT_CLASS = YES_ERROR;
				CLANG_WARN_QUOTED_INCLUDE_IN_FRAMEWORK_HEADER = YES;
				CLANG_WARN_RANGE_LOOP_ANALYSIS = YES;
				CLANG_WARN_STRICT_PROTOTYPES = YES;
				CLANG_WARN_SUSPICIOUS_MOVE = YES;
				CLANG_WARN_UNGUARDED_AVAILABILITY = YES_AGGRESSIVE;
				CLANG_WARN_UNREACHABLE_CODE = YES;
				CLANG_WARN__DUPLICATE_METHOD_MATCH = YES;
				COPY_PHASE_STRIP = NO;
				DEBUG_INFORMATION_FORMAT = "dwarf-with-dsym";
				DEVELOPMENT_TEAM = 3DFKU6DVCR;
				ENABLE_NS_ASSERTIONS = NO;
				ENABLE_STRICT_OBJC_MSGSEND = YES;
				ENABLE_USER_SCRIPT_SANDBOXING = YES;
				GCC_C_LANGUAGE_STANDARD = gnu17;
				GCC_NO_COMMON_BLOCKS = YES;
				GCC_WARN_64_TO_32_BIT_CONVERSION = YES;
				GCC_WARN_ABOUT_RETURN_TYPE = YES_ERROR;
				GCC_WARN_UNDECLARED_SELECTOR = YES;
				GCC_WARN_UNINITIALIZED_AUTOS = YES_AGGRESSIVE;
				GCC_WARN_UNUSED_FUNCTION = YES;
				GCC_WARN_UNUSED_VARIABLE = YES;
				IPHONEOS_DEPLOYMENT_TARGET = 18.5;
				LOCALIZATION_PREFERS_STRING_CATALOGS = YES;
				MTL_ENABLE_DEBUG_INFO = NO;
				MTL_FAST_MATH = YES;
				SDKROOT = iphoneos;
				SWIFT_COMPILATION_MODE = wholemodule;
				VALIDATE_PRODUCT = YES;
			};
			name = Release;
		};
/* End XCBuildConfiguration section */

/* Begin XCConfigurationList section */
		6F4ACF342E25094600816139 /* Build configuration list for PBXProject "joko-iOS" */ = {
			isa = XCConfigurationList;
			buildConfigurations = (
				6F4ACF4F2E25094700816139 /* Debug */,
				6F4ACF502E25094700816139 /* Release */,
			);
			defaultConfigurationIsVisible = 0;
			defaultConfigurationName = Release;
		};
		6F4ACF4C2E25094700816139 /* Build configuration list for PBXNativeTarget "joko-iOS" */ = {
			isa = XCConfigurationList;
			buildConfigurations = (
				6F4ACF4D2E25094700816139 /* Debug */,
				6F4ACF4E2E25094700816139 /* Release */,
			);
			defaultConfigurationIsVisible = 0;
			defaultConfigurationName = Release;
		};
/* End XCConfigurationList section */

/* Begin XCRemoteSwiftPackageReference section */
		6F4ACF542E250ABD00816139 /* XCRemoteSwiftPackageReference "Then" */ = {
			isa = XCRemoteSwiftPackageReference;
			repositoryURL = "https://github.com/devxoul/Then";
			requirement = {
				kind = upToNextMajorVersion;
				minimumVersion = 3.0.0;
			};
		};
		6F4ACF572E250ACA00816139 /* XCRemoteSwiftPackageReference "SnapKit" */ = {
			isa = XCRemoteSwiftPackageReference;
			repositoryURL = "https://github.com/SnapKit/SnapKit.git";
			requirement = {
				kind = upToNextMajorVersion;
				minimumVersion = 5.7.1;
			};
		};
		6F4ACF692E250F7800816139 /* XCRemoteSwiftPackageReference "RxSwift" */ = {
			isa = XCRemoteSwiftPackageReference;
			repositoryURL = "https://github.com/ReactiveX/RxSwift.git";
			requirement = {
				kind = upToNextMajorVersion;
				minimumVersion = 6.9.0;
			};
		};
		6F4ACF722E25111B00816139 /* XCRemoteSwiftPackageReference "Moya" */ = {
			isa = XCRemoteSwiftPackageReference;
			repositoryURL = "https://github.com/Moya/Moya.git";
			requirement = {
				kind = upToNextMajorVersion;
				minimumVersion = 15.0.3;
			};
		};
/* End XCRemoteSwiftPackageReference section */

/* Begin XCSwiftPackageProductDependency section */
		6F4ACF552E250ABD00816139 /* Then */ = {
			isa = XCSwiftPackageProductDependency;
			package = 6F4ACF542E250ABD00816139 /* XCRemoteSwiftPackageReference "Then" */;
			productName = Then;
		};
		6F4ACF582E250ACA00816139 /* SnapKit */ = {
			isa = XCSwiftPackageProductDependency;
			package = 6F4ACF572E250ACA00816139 /* XCRemoteSwiftPackageReference "SnapKit" */;
			productName = SnapKit;
		};
		6F4ACF6A2E250F7800816139 /* RxBlocking */ = {
			isa = XCSwiftPackageProductDependency;
			package = 6F4ACF692E250F7800816139 /* XCRemoteSwiftPackageReference "RxSwift" */;
			productName = RxBlocking;
		};
		6F4ACF6C2E250F7800816139 /* RxCocoa */ = {
			isa = XCSwiftPackageProductDependency;
			package = 6F4ACF692E250F7800816139 /* XCRemoteSwiftPackageReference "RxSwift" */;
			productName = RxCocoa;
		};
		6F4ACF6E2E250F7800816139 /* RxRelay */ = {
			isa = XCSwiftPackageProductDependency;
			package = 6F4ACF692E250F7800816139 /* XCRemoteSwiftPackageReference "RxSwift" */;
			productName = RxRelay;
		};
		6F4ACF732E25111B00816139 /* Moya */ = {
			isa = XCSwiftPackageProductDependency;
			package = 6F4ACF722E25111B00816139 /* XCRemoteSwiftPackageReference "Moya" */;
			productName = Moya;
		};
		6F4ACF752E25111B00816139 /* RxMoya */ = {
			isa = XCSwiftPackageProductDependency;
			package = 6F4ACF722E25111B00816139 /* XCRemoteSwiftPackageReference "Moya" */;
			productName = RxMoya;
		};
/* End XCSwiftPackageProductDependency section */
	};
	rootObject = 6F4ACF312E25094600816139 /* Project object */;
}
